
Microsoft Visual Studio Solution File, Format Version 12.00
# Visual Studio Version 17
VisualStudioVersion = 17.3.32901.215
MinimumVisualStudioVersion = 10.0.40219.1
Project("{FAE04EC0-301F-11D3-BF4B-00C04F79EFBC}") = "DiskExplorer", "DiskExplorer\DiskExplorer.csproj", "{C82ACC93-0127-4D56-8977-C38FEA024A7C}"
EndProject
Global
	GlobalSection(SolutionConfigurationPlatforms) = preSolution
		Debug|Any CPU = Debug|Any CPU
		Release|Any CPU = Release|Any CPU
	EndGlobalSection
	GlobalSection(ProjectConfigurationPlatforms) = postSolution
		{C82ACC93-0127-4D56-8977-C38FEA024A7C}.Debug|Any CPU.ActiveCfg = Debug|Any CPU
		{C82ACC93-0127-4D56-8977-C38FEA024A7C}.Debug|Any CPU.Build.0 = Debug|Any CPU
		{C82ACC93-0127-4D56-8977-C38FEA024A7C}.Release|Any CPU.ActiveCfg = Release|Any CPU
		{C82ACC93-0127-4D56-8977-C38FEA024A7C}.Release|Any CPU.Build.0 = Release|Any CPU
	EndGlobalSection
	GlobalSection(SolutionProperties) = preSolution
		HideSolutionNode = FALSE
	EndGlobalSection
	GlobalSection(ExtensibilityGlobals) = postSolution
		SolutionGuid = {06AF5004-1A9D-4B9E-A4DF-5478500B8FA9}
	EndGlobalSection
EndGlobal
