
Microsoft Visual Studio Solution File, Format Version 12.00
# Visual Studio Version 17
VisualStudioVersion = 17.0.31903.59
MinimumVisualStudioVersion = 10.0.40219.1
Project("{2150E333-8FDC-42A3-9474-1A3956D46DE8}") = "Client", "Client", "{E7E3846D-F96F-4E5A-A084-41CB1F0CF810}"
EndProject
Project("{FAE04EC0-301F-11D3-BF4B-00C04F79EFBC}") = "Client", "Client\Client\Client.csproj", "{BDD7C0D3-B0CC-4CF7-964C-F5CAA2732086}"
EndProject
Project("{2150E333-8FDC-42A3-9474-1A3956D46DE8}") = "Server", "Server", "{19C29453-6DD1-4F71-91D1-50E1AE376C55}"
EndProject
Project("{FAE04EC0-301F-11D3-BF4B-00C04F79EFBC}") = "Server", "Server\Server\Server.csproj", "{EB7CF53C-FA53-4AED-AE2B-D777E7589E5F}"
EndProject
Global
	GlobalSection(SolutionConfigurationPlatforms) = preSolution
		Debug|Any CPU = Debug|Any CPU
		Release|Any CPU = Release|Any CPU
	EndGlobalSection
	GlobalSection(SolutionProperties) = preSolution
		HideSolutionNode = FALSE
	EndGlobalSection
	GlobalSection(ProjectConfigurationPlatforms) = postSolution
		{BDD7C0D3-B0CC-4CF7-964C-F5CAA2732086}.Debug|Any CPU.ActiveCfg = Debug|Any CPU
		{BDD7C0D3-B0CC-4CF7-964C-F5CAA2732086}.Debug|Any CPU.Build.0 = Debug|Any CPU
		{BDD7C0D3-B0CC-4CF7-964C-F5CAA2732086}.Release|Any CPU.ActiveCfg = Release|Any CPU
		{BDD7C0D3-B0CC-4CF7-964C-F5CAA2732086}.Release|Any CPU.Build.0 = Release|Any CPU
		{EB7CF53C-FA53-4AED-AE2B-D777E7589E5F}.Debug|Any CPU.ActiveCfg = Debug|Any CPU
		{EB7CF53C-FA53-4AED-AE2B-D777E7589E5F}.Debug|Any CPU.Build.0 = Debug|Any CPU
		{EB7CF53C-FA53-4AED-AE2B-D777E7589E5F}.Release|Any CPU.ActiveCfg = Release|Any CPU
		{EB7CF53C-FA53-4AED-AE2B-D777E7589E5F}.Release|Any CPU.Build.0 = Release|Any CPU
	EndGlobalSection
	GlobalSection(NestedProjects) = preSolution
		{BDD7C0D3-B0CC-4CF7-964C-F5CAA2732086} = {E7E3846D-F96F-4E5A-A084-41CB1F0CF810}
		{EB7CF53C-FA53-4AED-AE2B-D777E7589E5F} = {19C29453-6DD1-4F71-91D1-50E1AE376C55}
	EndGlobalSection
EndGlobal
